
Microsoft Visual Studio Solution File, Format Version 12.00
# Visual Studio Version 16
VisualStudioVersion = 16.0.32602.291
MinimumVisualStudioVersion = 10.0.40219.1
Project("{FAE04EC0-301F-11D3-BF4B-00C04F79EFBC}") = "StaticExtentionRepetition", "StaticExtentionRepetition\StaticExtentionRepetition.csproj", "{57C31F69-CFDD-4C2F-BB6B-9358138CA641}"
EndProject
Global
	GlobalSection(SolutionConfigurationPlatforms) = preSolution
		Debug|Any CPU = Debug|Any CPU
		Release|Any CPU = Release|Any CPU
	EndGlobalSection
	GlobalSection(ProjectConfigurationPlatforms) = postSolution
		{57C31F69-CFDD-4C2F-BB6B-9358138CA641}.Debug|Any CPU.ActiveCfg = Debug|Any CPU
		{57C31F69-CFDD-4C2F-BB6B-9358138CA641}.Debug|Any CPU.Build.0 = Debug|Any CPU
		{57C31F69-CFDD-4C2F-BB6B-9358138CA641}.Release|Any CPU.ActiveCfg = Release|Any CPU
		{57C31F69-CFDD-4C2F-BB6B-9358138CA641}.Release|Any CPU.Build.0 = Release|Any CPU
	EndGlobalSection
	GlobalSection(SolutionProperties) = preSolution
		HideSolutionNode = FALSE
	EndGlobalSection
	GlobalSection(ExtensibilityGlobals) = postSolution
		SolutionGuid = {5CDABE3F-4D53-44F3-BA2E-B0B6E6573AA9}
	EndGlobalSection
EndGlobal
